// !$*UTF8*$!
{
	archiveVersion = 1;
	classes = {
	};
	objectVersion = 50;
	objects = {

/* Begin PBXBuildFile section */
		25C8F5A22B9A402D569D967C /* Pods_TaskAppUITests.framework in Frameworks */ = {isa = PBXBuildFile; fileRef = C95689038FD4A535202001AC /* Pods_TaskAppUITests.framework */; };
		330B971420E7AB08003F3B5B /* TaskListTableViewCell.swift in Sources */ = {isa = PBXBuildFile; fileRef = 330B971220E7AB08003F3B5B /* TaskListTableViewCell.swift */; };
		330B971520E7AB08003F3B5B /* TaskListTableViewCell.xib in Resources */ = {isa = PBXBuildFile; fileRef = 330B971320E7AB08003F3B5B /* TaskListTableViewCell.xib */; };
		330CD02520EB14D700A62C3D /* GoogleService-Info.plist in Resources */ = {isa = PBXBuildFile; fileRef = 330CD02420EB14D700A62C3D /* GoogleService-Info.plist */; };
		3318F30220E4CC36002C8189 /* AddTaskTableViewCell.swift in Sources */ = {isa = PBXBuildFile; fileRef = 3318F30020E4CC36002C8189 /* AddTaskTableViewCell.swift */; };
		3318F30320E4CC36002C8189 /* AddTaskTableViewCell.xib in Resources */ = {isa = PBXBuildFile; fileRef = 3318F30120E4CC36002C8189 /* AddTaskTableViewCell.xib */; };
		3318F30520E4CC57002C8189 /* TaskDetailViewController.swift in Sources */ = {isa = PBXBuildFile; fileRef = 3318F30420E4CC57002C8189 /* TaskDetailViewController.swift */; };
		3319AEDF20E9C92E006795EE /* realmDB.swift in Sources */ = {isa = PBXBuildFile; fileRef = 3319AEDE20E9C92E006795EE /* realmDB.swift */; };
		3319AEE120E9FF47006795EE /* CheckboxButton.swift in Sources */ = {isa = PBXBuildFile; fileRef = 3319AEE020E9FF47006795EE /* CheckboxButton.swift */; };
		3319AEE420EA33BD006795EE /* NoteTableViewCell.swift in Sources */ = {isa = PBXBuildFile; fileRef = 3319AEE220EA33BD006795EE /* NoteTableViewCell.swift */; };
		3319AEE520EA33BD006795EE /* NoteTableViewCell.xib in Resources */ = {isa = PBXBuildFile; fileRef = 3319AEE320EA33BD006795EE /* NoteTableViewCell.xib */; };
		3368DD2620E32DA700FE05D8 /* AppDelegate.swift in Sources */ = {isa = PBXBuildFile; fileRef = 3368DD2520E32DA700FE05D8 /* AppDelegate.swift */; };
		3368DD2820E32DA700FE05D8 /* TaskHomeViewController.swift in Sources */ = {isa = PBXBuildFile; fileRef = 3368DD2720E32DA700FE05D8 /* TaskHomeViewController.swift */; };
		3368DD2B20E32DA700FE05D8 /* Main.storyboard in Resources */ = {isa = PBXBuildFile; fileRef = 3368DD2920E32DA700FE05D8 /* Main.storyboard */; };
		3368DD2D20E32DA900FE05D8 /* Assets.xcassets in Resources */ = {isa = PBXBuildFile; fileRef = 3368DD2C20E32DA900FE05D8 /* Assets.xcassets */; };
		3368DD3020E32DA900FE05D8 /* LaunchScreen.storyboard in Resources */ = {isa = PBXBuildFile; fileRef = 3368DD2E20E32DA900FE05D8 /* LaunchScreen.storyboard */; };
		3368DD3B20E32DA900FE05D8 /* TaskAppTests.swift in Sources */ = {isa = PBXBuildFile; fileRef = 3368DD3A20E32DA900FE05D8 /* TaskAppTests.swift */; };
		3368DD4620E32DA900FE05D8 /* TaskAppUITests.swift in Sources */ = {isa = PBXBuildFile; fileRef = 3368DD4520E32DA900FE05D8 /* TaskAppUITests.swift */; };
		33FECAC020F2F86200AE716A /* AuthViewController.swift in Sources */ = {isa = PBXBuildFile; fileRef = 33FECABF20F2F86200AE716A /* AuthViewController.swift */; };
		6893D9F305084709747B160F /* Pods_TaskAppTests.framework in Frameworks */ = {isa = PBXBuildFile; fileRef = B3978C4AF0C2ADB6F8649AE9 /* Pods_TaskAppTests.framework */; };
		7FE257025A9050DB3B17A5D7 /* Pods_TaskApp.framework in Frameworks */ = {isa = PBXBuildFile; fileRef = 536BDBFD4D4C866401D20E70 /* Pods_TaskApp.framework */; };
/* End PBXBuildFile section */

/* Begin PBXContainerItemProxy section */
		3368DD3720E32DA900FE05D8 /* PBXContainerItemProxy */ = {
			isa = PBXContainerItemProxy;
			containerPortal = 3368DD1A20E32DA700FE05D8 /* Project object */;
			proxyType = 1;
			remoteGlobalIDString = 3368DD2120E32DA700FE05D8;
			remoteInfo = TaskApp;
		};
		3368DD4220E32DA900FE05D8 /* PBXContainerItemProxy */ = {
			isa = PBXContainerItemProxy;
			containerPortal = 3368DD1A20E32DA700FE05D8 /* Project object */;
			proxyType = 1;
			remoteGlobalIDString = 3368DD2120E32DA700FE05D8;
			remoteInfo = TaskApp;
		};
/* End PBXContainerItemProxy section */

/* Begin PBXFileReference section */
		2BFC4738E7FB1961BE9346E5 /* Pods-TaskAppTests.debug.xcconfig */ = {isa = PBXFileReference; includeInIndex = 1; lastKnownFileType = text.xcconfig; name = "Pods-TaskAppTests.debug.xcconfig"; path = "Pods/Target Support Files/Pods-TaskAppTests/Pods-TaskAppTests.debug.xcconfig"; sourceTree = "<group>"; };
		330B971220E7AB08003F3B5B /* TaskListTableViewCell.swift */ = {isa = PBXFileReference; lastKnownFileType = sourcecode.swift; path = TaskListTableViewCell.swift; sourceTree = "<group>"; };
		330B971320E7AB08003F3B5B /* TaskListTableViewCell.xib */ = {isa = PBXFileReference; lastKnownFileType = file.xib; path = TaskListTableViewCell.xib; sourceTree = "<group>"; };
		330CD02420EB14D700A62C3D /* GoogleService-Info.plist */ = {isa = PBXFileReference; fileEncoding = 4; lastKnownFileType = text.plist.xml; path = "GoogleService-Info.plist"; sourceTree = "<group>"; };
		3318F30020E4CC36002C8189 /* AddTaskTableViewCell.swift */ = {isa = PBXFileReference; lastKnownFileType = sourcecode.swift; path = AddTaskTableViewCell.swift; sourceTree = "<group>"; };
		3318F30120E4CC36002C8189 /* AddTaskTableViewCell.xib */ = {isa = PBXFileReference; lastKnownFileType = file.xib; path = AddTaskTableViewCell.xib; sourceTree = "<group>"; };
		3318F30420E4CC57002C8189 /* TaskDetailViewController.swift */ = {isa = PBXFileReference; lastKnownFileType = sourcecode.swift; path = TaskDetailViewController.swift; sourceTree = "<group>"; };
		3319AEDE20E9C92E006795EE /* realmDB.swift */ = {isa = PBXFileReference; lastKnownFileType = sourcecode.swift; path = realmDB.swift; sourceTree = "<group>"; };
		3319AEE020E9FF47006795EE /* CheckboxButton.swift */ = {isa = PBXFileReference; fileEncoding = 4; lastKnownFileType = sourcecode.swift; path = CheckboxButton.swift; sourceTree = "<group>"; };
		3319AEE220EA33BD006795EE /* NoteTableViewCell.swift */ = {isa = PBXFileReference; lastKnownFileType = sourcecode.swift; path = NoteTableViewCell.swift; sourceTree = "<group>"; };
		3319AEE320EA33BD006795EE /* NoteTableViewCell.xib */ = {isa = PBXFileReference; lastKnownFileType = file.xib; path = NoteTableViewCell.xib; sourceTree = "<group>"; };
		334B1E2720F434300098EADA /* TaskApp.entitlements */ = {isa = PBXFileReference; lastKnownFileType = text.plist.entitlements; path = TaskApp.entitlements; sourceTree = "<group>"; };
		3368DD2220E32DA700FE05D8 /* TaskApp.app */ = {isa = PBXFileReference; explicitFileType = wrapper.application; includeInIndex = 0; path = TaskApp.app; sourceTree = BUILT_PRODUCTS_DIR; };
		3368DD2520E32DA700FE05D8 /* AppDelegate.swift */ = {isa = PBXFileReference; lastKnownFileType = sourcecode.swift; path = AppDelegate.swift; sourceTree = "<group>"; };
		3368DD2720E32DA700FE05D8 /* TaskHomeViewController.swift */ = {isa = PBXFileReference; lastKnownFileType = sourcecode.swift; path = TaskHomeViewController.swift; sourceTree = "<group>"; };
		3368DD2A20E32DA700FE05D8 /* Base */ = {isa = PBXFileReference; lastKnownFileType = file.storyboard; name = Base; path = Base.lproj/Main.storyboard; sourceTree = "<group>"; };
		3368DD2C20E32DA900FE05D8 /* Assets.xcassets */ = {isa = PBXFileReference; lastKnownFileType = folder.assetcatalog; path = Assets.xcassets; sourceTree = "<group>"; };
		3368DD2F20E32DA900FE05D8 /* Base */ = {isa = PBXFileReference; lastKnownFileType = file.storyboard; name = Base; path = Base.lproj/LaunchScreen.storyboard; sourceTree = "<group>"; };
		3368DD3120E32DA900FE05D8 /* Info.plist */ = {isa = PBXFileReference; lastKnownFileType = text.plist.xml; path = Info.plist; sourceTree = "<group>"; };
		3368DD3620E32DA900FE05D8 /* TaskAppTests.xctest */ = {isa = PBXFileReference; explicitFileType = wrapper.cfbundle; includeInIndex = 0; path = TaskAppTests.xctest; sourceTree = BUILT_PRODUCTS_DIR; };
		3368DD3A20E32DA900FE05D8 /* TaskAppTests.swift */ = {isa = PBXFileReference; lastKnownFileType = sourcecode.swift; path = TaskAppTests.swift; sourceTree = "<group>"; };
		3368DD3C20E32DA900FE05D8 /* Info.plist */ = {isa = PBXFileReference; lastKnownFileType = text.plist.xml; path = Info.plist; sourceTree = "<group>"; };
		3368DD4120E32DA900FE05D8 /* TaskAppUITests.xctest */ = {isa = PBXFileReference; explicitFileType = wrapper.cfbundle; includeInIndex = 0; path = TaskAppUITests.xctest; sourceTree = BUILT_PRODUCTS_DIR; };
		3368DD4520E32DA900FE05D8 /* TaskAppUITests.swift */ = {isa = PBXFileReference; lastKnownFileType = sourcecode.swift; path = TaskAppUITests.swift; sourceTree = "<group>"; };
		3368DD4720E32DA900FE05D8 /* Info.plist */ = {isa = PBXFileReference; lastKnownFileType = text.plist.xml; path = Info.plist; sourceTree = "<group>"; };
		33FECABF20F2F86200AE716A /* AuthViewController.swift */ = {isa = PBXFileReference; lastKnownFileType = sourcecode.swift; path = AuthViewController.swift; sourceTree = "<group>"; };
		3D0F16C6B9AA7BA173944186 /* Pods-TaskAppUITests.debug.xcconfig */ = {isa = PBXFileReference; includeInIndex = 1; lastKnownFileType = text.xcconfig; name = "Pods-TaskAppUITests.debug.xcconfig"; path = "Pods/Target Support Files/Pods-TaskAppUITests/Pods-TaskAppUITests.debug.xcconfig"; sourceTree = "<group>"; };
		536BDBFD4D4C866401D20E70 /* Pods_TaskApp.framework */ = {isa = PBXFileReference; explicitFileType = wrapper.framework; includeInIndex = 0; path = Pods_TaskApp.framework; sourceTree = BUILT_PRODUCTS_DIR; };
		570F95C9FA02C8203794FFB3 /* Pods-TaskApp.debug.xcconfig */ = {isa = PBXFileReference; includeInIndex = 1; lastKnownFileType = text.xcconfig; name = "Pods-TaskApp.debug.xcconfig"; path = "Pods/Target Support Files/Pods-TaskApp/Pods-TaskApp.debug.xcconfig"; sourceTree = "<group>"; };
		99BB230BEBD0F9B2856750EF /* Pods-TaskApp.release.xcconfig */ = {isa = PBXFileReference; includeInIndex = 1; lastKnownFileType = text.xcconfig; name = "Pods-TaskApp.release.xcconfig"; path = "Pods/Target Support Files/Pods-TaskApp/Pods-TaskApp.release.xcconfig"; sourceTree = "<group>"; };
		B3978C4AF0C2ADB6F8649AE9 /* Pods_TaskAppTests.framework */ = {isa = PBXFileReference; explicitFileType = wrapper.framework; includeInIndex = 0; path = Pods_TaskAppTests.framework; sourceTree = BUILT_PRODUCTS_DIR; };
		C952CFAD853F76FCB67DC821 /* Pods-TaskAppTests.release.xcconfig */ = {isa = PBXFileReference; includeInIndex = 1; lastKnownFileType = text.xcconfig; name = "Pods-TaskAppTests.release.xcconfig"; path = "Pods/Target Support Files/Pods-TaskAppTests/Pods-TaskAppTests.release.xcconfig"; sourceTree = "<group>"; };
		C95689038FD4A535202001AC /* Pods_TaskAppUITests.framework */ = {isa = PBXFileReference; explicitFileType = wrapper.framework; includeInIndex = 0; path = Pods_TaskAppUITests.framework; sourceTree = BUILT_PRODUCTS_DIR; };
		D7D8DBA32C7F7C7661DDFD0A /* Pods-TaskAppUITests.release.xcconfig */ = {isa = PBXFileReference; includeInIndex = 1; lastKnownFileType = text.xcconfig; name = "Pods-TaskAppUITests.release.xcconfig"; path = "Pods/Target Support Files/Pods-TaskAppUITests/Pods-TaskAppUITests.release.xcconfig"; sourceTree = "<group>"; };
/* End PBXFileReference section */

/* Begin PBXFrameworksBuildPhase section */
		3368DD1F20E32DA700FE05D8 /* Frameworks */ = {
			isa = PBXFrameworksBuildPhase;
			buildActionMask = 2147483647;
			files = (
				7FE257025A9050DB3B17A5D7 /* Pods_TaskApp.framework in Frameworks */,
			);
			runOnlyForDeploymentPostprocessing = 0;
		};
		3368DD3320E32DA900FE05D8 /* Frameworks */ = {
			isa = PBXFrameworksBuildPhase;
			buildActionMask = 2147483647;
			files = (
				6893D9F305084709747B160F /* Pods_TaskAppTests.framework in Frameworks */,
			);
			runOnlyForDeploymentPostprocessing = 0;
		};
		3368DD3E20E32DA900FE05D8 /* Frameworks */ = {
			isa = PBXFrameworksBuildPhase;
			buildActionMask = 2147483647;
			files = (
				25C8F5A22B9A402D569D967C /* Pods_TaskAppUITests.framework in Frameworks */,
			);
			runOnlyForDeploymentPostprocessing = 0;
		};
/* End PBXFrameworksBuildPhase section */

/* Begin PBXGroup section */
		26D1389B3FC004C9D6DFB76C /* Pods */ = {
			isa = PBXGroup;
			children = (
				570F95C9FA02C8203794FFB3 /* Pods-TaskApp.debug.xcconfig */,
				99BB230BEBD0F9B2856750EF /* Pods-TaskApp.release.xcconfig */,
				2BFC4738E7FB1961BE9346E5 /* Pods-TaskAppTests.debug.xcconfig */,
				C952CFAD853F76FCB67DC821 /* Pods-TaskAppTests.release.xcconfig */,
				3D0F16C6B9AA7BA173944186 /* Pods-TaskAppUITests.debug.xcconfig */,
				D7D8DBA32C7F7C7661DDFD0A /* Pods-TaskAppUITests.release.xcconfig */,
			);
			name = Pods;
			sourceTree = "<group>";
		};
		330B971620E7AB18003F3B5B /* TaskHome */ = {
			isa = PBXGroup;
			children = (
				3368DD2720E32DA700FE05D8 /* TaskHomeViewController.swift */,
				330B971220E7AB08003F3B5B /* TaskListTableViewCell.swift */,
				330B971320E7AB08003F3B5B /* TaskListTableViewCell.xib */,
				3318F30020E4CC36002C8189 /* AddTaskTableViewCell.swift */,
				3318F30120E4CC36002C8189 /* AddTaskTableViewCell.xib */,
			);
			path = TaskHome;
			sourceTree = "<group>";
		};
		330B971720E7AC5D003F3B5B /* TaskDetail */ = {
			isa = PBXGroup;
			children = (
				3318F30420E4CC57002C8189 /* TaskDetailViewController.swift */,
				3319AEE220EA33BD006795EE /* NoteTableViewCell.swift */,
				3319AEE320EA33BD006795EE /* NoteTableViewCell.xib */,
			);
			path = TaskDetail;
			sourceTree = "<group>";
		};
		334B1E2620F428BA0098EADA /* Model */ = {
			isa = PBXGroup;
			children = (
			);
			path = Model;
			sourceTree = "<group>";
		};
		3368DD1920E32DA700FE05D8 = {
			isa = PBXGroup;
			children = (
				3368DD2420E32DA700FE05D8 /* TaskApp */,
				3368DD3920E32DA900FE05D8 /* TaskAppTests */,
				3368DD4420E32DA900FE05D8 /* TaskAppUITests */,
				3368DD2320E32DA700FE05D8 /* Products */,
				26D1389B3FC004C9D6DFB76C /* Pods */,
				9D820682FD8B2A218D76B53E /* Frameworks */,
			);
			sourceTree = "<group>";
		};
		3368DD2320E32DA700FE05D8 /* Products */ = {
			isa = PBXGroup;
			children = (
				3368DD2220E32DA700FE05D8 /* TaskApp.app */,
				3368DD3620E32DA900FE05D8 /* TaskAppTests.xctest */,
				3368DD4120E32DA900FE05D8 /* TaskAppUITests.xctest */,
			);
			name = Products;
			sourceTree = "<group>";
		};
		3368DD2420E32DA700FE05D8 /* TaskApp */ = {
			isa = PBXGroup;
			children = (
				334B1E2720F434300098EADA /* TaskApp.entitlements */,
				3368DD2520E32DA700FE05D8 /* AppDelegate.swift */,
				3319AEDE20E9C92E006795EE /* realmDB.swift */,
				33FECABF20F2F86200AE716A /* AuthViewController.swift */,
				334B1E2620F428BA0098EADA /* Model */,
				330B971620E7AB18003F3B5B /* TaskHome */,
				330B971720E7AC5D003F3B5B /* TaskDetail */,
				3368DD2920E32DA700FE05D8 /* Main.storyboard */,
				3368DD2C20E32DA900FE05D8 /* Assets.xcassets */,
				3368DD2E20E32DA900FE05D8 /* LaunchScreen.storyboard */,
				3368DD3120E32DA900FE05D8 /* Info.plist */,
				330CD02420EB14D700A62C3D /* GoogleService-Info.plist */,
				3319AEE020E9FF47006795EE /* CheckboxButton.swift */,
			);
			path = TaskApp;
			sourceTree = "<group>";
		};
		3368DD3920E32DA900FE05D8 /* TaskAppTests */ = {
			isa = PBXGroup;
			children = (
				3368DD3A20E32DA900FE05D8 /* TaskAppTests.swift */,
				3368DD3C20E32DA900FE05D8 /* Info.plist */,
			);
			path = TaskAppTests;
			sourceTree = "<group>";
		};
		3368DD4420E32DA900FE05D8 /* TaskAppUITests */ = {
			isa = PBXGroup;
			children = (
				3368DD4520E32DA900FE05D8 /* TaskAppUITests.swift */,
				3368DD4720E32DA900FE05D8 /* Info.plist */,
			);
			path = TaskAppUITests;
			sourceTree = "<group>";
		};
		9D820682FD8B2A218D76B53E /* Frameworks */ = {
			isa = PBXGroup;
			children = (
				536BDBFD4D4C866401D20E70 /* Pods_TaskApp.framework */,
				B3978C4AF0C2ADB6F8649AE9 /* Pods_TaskAppTests.framework */,
				C95689038FD4A535202001AC /* Pods_TaskAppUITests.framework */,
			);
			name = Frameworks;
			sourceTree = "<group>";
		};
/* End PBXGroup section */

/* Begin PBXNativeTarget section */
		3368DD2120E32DA700FE05D8 /* TaskApp */ = {
			isa = PBXNativeTarget;
			buildConfigurationList = 3368DD4A20E32DA900FE05D8 /* Build configuration list for PBXNativeTarget "TaskApp" */;
			buildPhases = (
				35F5808BC60292BD8A198308 /* [CP] Check Pods Manifest.lock */,
				3368DD1E20E32DA700FE05D8 /* Sources */,
				3368DD1F20E32DA700FE05D8 /* Frameworks */,
				3368DD2020E32DA700FE05D8 /* Resources */,
				15BFF1C002D838DCC15335BE /* [CP] Embed Pods Frameworks */,
			);
			buildRules = (
			);
			dependencies = (
			);
			name = TaskApp;
			productName = TaskApp;
			productReference = 3368DD2220E32DA700FE05D8 /* TaskApp.app */;
			productType = "com.apple.product-type.application";
		};
		3368DD3520E32DA900FE05D8 /* TaskAppTests */ = {
			isa = PBXNativeTarget;
			buildConfigurationList = 3368DD4D20E32DA900FE05D8 /* Build configuration list for PBXNativeTarget "TaskAppTests" */;
			buildPhases = (
				CC1B62D366B948645667F101 /* [CP] Check Pods Manifest.lock */,
				3368DD3220E32DA900FE05D8 /* Sources */,
				3368DD3320E32DA900FE05D8 /* Frameworks */,
				3368DD3420E32DA900FE05D8 /* Resources */,
			);
			buildRules = (
			);
			dependencies = (
				3368DD3820E32DA900FE05D8 /* PBXTargetDependency */,
			);
			name = TaskAppTests;
			productName = TaskAppTests;
			productReference = 3368DD3620E32DA900FE05D8 /* TaskAppTests.xctest */;
			productType = "com.apple.product-type.bundle.unit-test";
		};
		3368DD4020E32DA900FE05D8 /* TaskAppUITests */ = {
			isa = PBXNativeTarget;
			buildConfigurationList = 3368DD5020E32DA900FE05D8 /* Build configuration list for PBXNativeTarget "TaskAppUITests" */;
			buildPhases = (
				821DA1E104D914A273591722 /* [CP] Check Pods Manifest.lock */,
				3368DD3D20E32DA900FE05D8 /* Sources */,
				3368DD3E20E32DA900FE05D8 /* Frameworks */,
				3368DD3F20E32DA900FE05D8 /* Resources */,
			);
			buildRules = (
			);
			dependencies = (
				3368DD4320E32DA900FE05D8 /* PBXTargetDependency */,
			);
			name = TaskAppUITests;
			productName = TaskAppUITests;
			productReference = 3368DD4120E32DA900FE05D8 /* TaskAppUITests.xctest */;
			productType = "com.apple.product-type.bundle.ui-testing";
		};
/* End PBXNativeTarget section */

/* Begin PBXProject section */
		3368DD1A20E32DA700FE05D8 /* Project object */ = {
			isa = PBXProject;
			attributes = {
				LastSwiftUpdateCheck = 0940;
				LastUpgradeCheck = 0940;
				ORGANIZATIONNAME = YOSUKE;
				TargetAttributes = {
					3368DD2120E32DA700FE05D8 = {
						CreatedOnToolsVersion = 9.4.1;
						SystemCapabilities = {
							com.apple.Keychain = {
								enabled = 1;
							};
						};
					};
					3368DD3520E32DA900FE05D8 = {
						CreatedOnToolsVersion = 9.4.1;
						TestTargetID = 3368DD2120E32DA700FE05D8;
					};
					3368DD4020E32DA900FE05D8 = {
						CreatedOnToolsVersion = 9.4.1;
						TestTargetID = 3368DD2120E32DA700FE05D8;
					};
				};
			};
			buildConfigurationList = 3368DD1D20E32DA700FE05D8 /* Build configuration list for PBXProject "TaskApp" */;
			compatibilityVersion = "Xcode 9.3";
			developmentRegion = en;
			hasScannedForEncodings = 0;
			knownRegions = (
				en,
				Base,
			);
			mainGroup = 3368DD1920E32DA700FE05D8;
			productRefGroup = 3368DD2320E32DA700FE05D8 /* Products */;
			projectDirPath = "";
			projectRoot = "";
			targets = (
				3368DD2120E32DA700FE05D8 /* TaskApp */,
				3368DD3520E32DA900FE05D8 /* TaskAppTests */,
				3368DD4020E32DA900FE05D8 /* TaskAppUITests */,
			);
		};
/* End PBXProject section */

/* Begin PBXResourcesBuildPhase section */
		3368DD2020E32DA700FE05D8 /* Resources */ = {
			isa = PBXResourcesBuildPhase;
			buildActionMask = 2147483647;
			files = (
				3318F30320E4CC36002C8189 /* AddTaskTableViewCell.xib in Resources */,
				330B971520E7AB08003F3B5B /* TaskListTableViewCell.xib in Resources */,
				3368DD3020E32DA900FE05D8 /* LaunchScreen.storyboard in Resources */,
				3319AEE520EA33BD006795EE /* NoteTableViewCell.xib in Resources */,
				3368DD2D20E32DA900FE05D8 /* Assets.xcassets in Resources */,
				3368DD2B20E32DA700FE05D8 /* Main.storyboard in Resources */,
				330CD02520EB14D700A62C3D /* GoogleService-Info.plist in Resources */,
			);
			runOnlyForDeploymentPostprocessing = 0;
		};
		3368DD3420E32DA900FE05D8 /* Resources */ = {
			isa = PBXResourcesBuildPhase;
			buildActionMask = 2147483647;
			files = (
			);
			runOnlyForDeploymentPostprocessing = 0;
		};
		3368DD3F20E32DA900FE05D8 /* Resources */ = {
			isa = PBXResourcesBuildPhase;
			buildActionMask = 2147483647;
			files = (
			);
			runOnlyForDeploymentPostprocessing = 0;
		};
/* End PBXResourcesBuildPhase section */

/* Begin PBXShellScriptBuildPhase section */
		15BFF1C002D838DCC15335BE /* [CP] Embed Pods Frameworks */ = {
			isa = PBXShellScriptBuildPhase;
			buildActionMask = 2147483647;
			files = (
			);
			inputPaths = (
				"${SRCROOT}/Pods/Target Support Files/Pods-TaskApp/Pods-TaskApp-frameworks.sh",
				"${BUILT_PRODUCTS_DIR}/GTMSessionFetcher/GTMSessionFetcher.framework",
				"${BUILT_PRODUCTS_DIR}/GoogleToolboxForMac/GoogleToolboxForMac.framework",
				"${BUILT_PRODUCTS_DIR}/Realm/Realm.framework",
				"${BUILT_PRODUCTS_DIR}/RealmSwift/RealmSwift.framework",
				"${BUILT_PRODUCTS_DIR}/RxCocoa/RxCocoa.framework",
				"${BUILT_PRODUCTS_DIR}/RxSwift/RxSwift.framework",
				"${BUILT_PRODUCTS_DIR}/SwiftyJSON/SwiftyJSON.framework",
				"${BUILT_PRODUCTS_DIR}/leveldb-library/leveldb.framework",
				"${BUILT_PRODUCTS_DIR}/nanopb/nanopb.framework",
			);
			name = "[CP] Embed Pods Frameworks";
			outputPaths = (
				"${TARGET_BUILD_DIR}/${FRAMEWORKS_FOLDER_PATH}/GTMSessionFetcher.framework",
				"${TARGET_BUILD_DIR}/${FRAMEWORKS_FOLDER_PATH}/GoogleToolboxForMac.framework",
				"${TARGET_BUILD_DIR}/${FRAMEWORKS_FOLDER_PATH}/Realm.framework",
				"${TARGET_BUILD_DIR}/${FRAMEWORKS_FOLDER_PATH}/RealmSwift.framework",
				"${TARGET_BUILD_DIR}/${FRAMEWORKS_FOLDER_PATH}/RxCocoa.framework",
				"${TARGET_BUILD_DIR}/${FRAMEWORKS_FOLDER_PATH}/RxSwift.framework",
				"${TARGET_BUILD_DIR}/${FRAMEWORKS_FOLDER_PATH}/SwiftyJSON.framework",
				"${TARGET_BUILD_DIR}/${FRAMEWORKS_FOLDER_PATH}/leveldb.framework",
				"${TARGET_BUILD_DIR}/${FRAMEWORKS_FOLDER_PATH}/nanopb.framework",
			);
			runOnlyForDeploymentPostprocessing = 0;
			shellPath = /bin/sh;
			shellScript = "\"${SRCROOT}/Pods/Target Support Files/Pods-TaskApp/Pods-TaskApp-frameworks.sh\"\n";
			showEnvVarsInLog = 0;
		};
		35F5808BC60292BD8A198308 /* [CP] Check Pods Manifest.lock */ = {
			isa = PBXShellScriptBuildPhase;
			buildActionMask = 2147483647;
			files = (
			);
			inputPaths = (
				"${PODS_PODFILE_DIR_PATH}/Podfile.lock",
				"${PODS_ROOT}/Manifest.lock",
			);
			name = "[CP] Check Pods Manifest.lock";
			outputPaths = (
				"$(DERIVED_FILE_DIR)/Pods-TaskApp-checkManifestLockResult.txt",
			);
			runOnlyForDeploymentPostprocessing = 0;
			shellPath = /bin/sh;
			shellScript = "diff \"${PODS_PODFILE_DIR_PATH}/Podfile.lock\" \"${PODS_ROOT}/Manifest.lock\" > /dev/null\nif [ $? != 0 ] ; then\n    # print error to STDERR\n    echo \"error: The sandbox is not in sync with the Podfile.lock. Run 'pod install' or update your CocoaPods installation.\" >&2\n    exit 1\nfi\n# This output is used by Xcode 'outputs' to avoid re-running this script phase.\necho \"SUCCESS\" > \"${SCRIPT_OUTPUT_FILE_0}\"\n";
			showEnvVarsInLog = 0;
		};
		821DA1E104D914A273591722 /* [CP] Check Pods Manifest.lock */ = {
			isa = PBXShellScriptBuildPhase;
			buildActionMask = 2147483647;
			files = (
			);
			inputPaths = (
				"${PODS_PODFILE_DIR_PATH}/Podfile.lock",
				"${PODS_ROOT}/Manifest.lock",
			);
			name = "[CP] Check Pods Manifest.lock";
			outputPaths = (
				"$(DERIVED_FILE_DIR)/Pods-TaskAppUITests-checkManifestLockResult.txt",
			);
			runOnlyForDeploymentPostprocessing = 0;
			shellPath = /bin/sh;
			shellScript = "diff \"${PODS_PODFILE_DIR_PATH}/Podfile.lock\" \"${PODS_ROOT}/Manifest.lock\" > /dev/null\nif [ $? != 0 ] ; then\n    # print error to STDERR\n    echo \"error: The sandbox is not in sync with the Podfile.lock. Run 'pod install' or update your CocoaPods installation.\" >&2\n    exit 1\nfi\n# This output is used by Xcode 'outputs' to avoid re-running this script phase.\necho \"SUCCESS\" > \"${SCRIPT_OUTPUT_FILE_0}\"\n";
			showEnvVarsInLog = 0;
		};
		CC1B62D366B948645667F101 /* [CP] Check Pods Manifest.lock */ = {
			isa = PBXShellScriptBuildPhase;
			buildActionMask = 2147483647;
			files = (
			);
			inputPaths = (
				"${PODS_PODFILE_DIR_PATH}/Podfile.lock",
				"${PODS_ROOT}/Manifest.lock",
			);
			name = "[CP] Check Pods Manifest.lock";
			outputPaths = (
				"$(DERIVED_FILE_DIR)/Pods-TaskAppTests-checkManifestLockResult.txt",
			);
			runOnlyForDeploymentPostprocessing = 0;
			shellPath = /bin/sh;
			shellScript = "diff \"${PODS_PODFILE_DIR_PATH}/Podfile.lock\" \"${PODS_ROOT}/Manifest.lock\" > /dev/null\nif [ $? != 0 ] ; then\n    # print error to STDERR\n    echo \"error: The sandbox is not in sync with the Podfile.lock. Run 'pod install' or update your CocoaPods installation.\" >&2\n    exit 1\nfi\n# This output is used by Xcode 'outputs' to avoid re-running this script phase.\necho \"SUCCESS\" > \"${SCRIPT_OUTPUT_FILE_0}\"\n";
			showEnvVarsInLog = 0;
		};
/* End PBXShellScriptBuildPhase section */

/* Begin PBXSourcesBuildPhase section */
		3368DD1E20E32DA700FE05D8 /* Sources */ = {
			isa = PBXSourcesBuildPhase;
			buildActionMask = 2147483647;
			files = (
				330B971420E7AB08003F3B5B /* TaskListTableViewCell.swift in Sources */,
				3319AEE120E9FF47006795EE /* CheckboxButton.swift in Sources */,
				3368DD2820E32DA700FE05D8 /* TaskHomeViewController.swift in Sources */,
				3319AEE420EA33BD006795EE /* NoteTableViewCell.swift in Sources */,
				3368DD2620E32DA700FE05D8 /* AppDelegate.swift in Sources */,
				3319AEDF20E9C92E006795EE /* realmDB.swift in Sources */,
				3318F30520E4CC57002C8189 /* TaskDetailViewController.swift in Sources */,
				33FECAC020F2F86200AE716A /* AuthViewController.swift in Sources */,
				3318F30220E4CC36002C8189 /* AddTaskTableViewCell.swift in Sources */,
			);
			runOnlyForDeploymentPostprocessing = 0;
		};
		3368DD3220E32DA900FE05D8 /* Sources */ = {
			isa = PBXSourcesBuildPhase;
			buildActionMask = 2147483647;
			files = (
				3368DD3B20E32DA900FE05D8 /* TaskAppTests.swift in Sources */,
			);
			runOnlyForDeploymentPostprocessing = 0;
		};
		3368DD3D20E32DA900FE05D8 /* Sources */ = {
			isa = PBXSourcesBuildPhase;
			buildActionMask = 2147483647;
			files = (
				3368DD4620E32DA900FE05D8 /* TaskAppUITests.swift in Sources */,
			);
			runOnlyForDeploymentPostprocessing = 0;
		};
/* End PBXSourcesBuildPhase section */

/* Begin PBXTargetDependency section */
		3368DD3820E32DA900FE05D8 /* PBXTargetDependency */ = {
			isa = PBXTargetDependency;
			target = 3368DD2120E32DA700FE05D8 /* TaskApp */;
			targetProxy = 3368DD3720E32DA900FE05D8 /* PBXContainerItemProxy */;
		};
		3368DD4320E32DA900FE05D8 /* PBXTargetDependency */ = {
			isa = PBXTargetDependency;
			target = 3368DD2120E32DA700FE05D8 /* TaskApp */;
			targetProxy = 3368DD4220E32DA900FE05D8 /* PBXContainerItemProxy */;
		};
/* End PBXTargetDependency section */

/* Begin PBXVariantGroup section */
		3368DD2920E32DA700FE05D8 /* Main.storyboard */ = {
			isa = PBXVariantGroup;
			children = (
				3368DD2A20E32DA700FE05D8 /* Base */,
			);
			name = Main.storyboard;
			sourceTree = "<group>";
		};
		3368DD2E20E32DA900FE05D8 /* LaunchScreen.storyboard */ = {
			isa = PBXVariantGroup;
			children = (
				3368DD2F20E32DA900FE05D8 /* Base */,
			);
			name = LaunchScreen.storyboard;
			sourceTree = "<group>";
		};
/* End PBXVariantGroup section */

/* Begin XCBuildConfiguration section */
		3368DD4820E32DA900FE05D8 /* Debug */ = {
			isa = XCBuildConfiguration;
			buildSettings = {
				ALWAYS_SEARCH_USER_PATHS = NO;
				CLANG_ANALYZER_NONNULL = YES;
				CLANG_ANALYZER_NUMBER_OBJECT_CONVERSION = YES_AGGRESSIVE;
				CLANG_CXX_LANGUAGE_STANDARD = "gnu++14";
				CLANG_CXX_LIBRARY = "libc++";
				CLANG_ENABLE_MODULES = YES;
				CLANG_ENABLE_OBJC_ARC = YES;
				CLANG_ENABLE_OBJC_WEAK = YES;
				CLANG_WARN_BLOCK_CAPTURE_AUTORELEASING = YES;
				CLANG_WARN_BOOL_CONVERSION = YES;
				CLANG_WARN_COMMA = YES;
				CLANG_WARN_CONSTANT_CONVERSION = YES;
				CLANG_WARN_DEPRECATED_OBJC_IMPLEMENTATIONS = YES;
				CLANG_WARN_DIRECT_OBJC_ISA_USAGE = YES_ERROR;
				CLANG_WARN_DOCUMENTATION_COMMENTS = YES;
				CLANG_WARN_EMPTY_BODY = YES;
				CLANG_WARN_ENUM_CONVERSION = YES;
				CLANG_WARN_INFINITE_RECURSION = YES;
				CLANG_WARN_INT_CONVERSION = YES;
				CLANG_WARN_NON_LITERAL_NULL_CONVERSION = YES;
				CLANG_WARN_OBJC_IMPLICIT_RETAIN_SELF = YES;
				CLANG_WARN_OBJC_LITERAL_CONVERSION = YES;
				CLANG_WARN_OBJC_ROOT_CLASS = YES_ERROR;
				CLANG_WARN_RANGE_LOOP_ANALYSIS = YES;
				CLANG_WARN_STRICT_PROTOTYPES = YES;
				CLANG_WARN_SUSPICIOUS_MOVE = YES;
				CLANG_WARN_UNGUARDED_AVAILABILITY = YES_AGGRESSIVE;
				CLANG_WARN_UNREACHABLE_CODE = YES;
				CLANG_WARN__DUPLICATE_METHOD_MATCH = YES;
				CODE_SIGN_IDENTITY = "iPhone Developer";
				COPY_PHASE_STRIP = NO;
				DEBUG_INFORMATION_FORMAT = dwarf;
				ENABLE_STRICT_OBJC_MSGSEND = YES;
				ENABLE_TESTABILITY = YES;
				GCC_C_LANGUAGE_STANDARD = gnu11;
				GCC_DYNAMIC_NO_PIC = NO;
				GCC_NO_COMMON_BLOCKS = YES;
				GCC_OPTIMIZATION_LEVEL = 0;
				GCC_PREPROCESSOR_DEFINITIONS = (
					"DEBUG=1",
					"$(inherited)",
				);
				GCC_WARN_64_TO_32_BIT_CONVERSION = YES;
				GCC_WARN_ABOUT_RETURN_TYPE = YES_ERROR;
				GCC_WARN_UNDECLARED_SELECTOR = YES;
				GCC_WARN_UNINITIALIZED_AUTOS = YES_AGGRESSIVE;
				GCC_WARN_UNUSED_FUNCTION = YES;
				GCC_WARN_UNUSED_VARIABLE = YES;
				IPHONEOS_DEPLOYMENT_TARGET = 11.4;
				MTL_ENABLE_DEBUG_INFO = YES;
				ONLY_ACTIVE_ARCH = YES;
				SDKROOT = iphoneos;
				SWIFT_ACTIVE_COMPILATION_CONDITIONS = DEBUG;
				SWIFT_OPTIMIZATION_LEVEL = "-Onone";
			};
			name = Debug;
		};
		3368DD4920E32DA900FE05D8 /* Release */ = {
			isa = XCBuildConfiguration;
			buildSettings = {
				ALWAYS_SEARCH_USER_PATHS = NO;
				CLANG_ANALYZER_NONNULL = YES;
				CLANG_ANALYZER_NUMBER_OBJECT_CONVERSION = YES_AGGRESSIVE;
				CLANG_CXX_LANGUAGE_STANDARD = "gnu++14";
				CLANG_CXX_LIBRARY = "libc++";
				CLANG_ENABLE_MODULES = YES;
				CLANG_ENABLE_OBJC_ARC = YES;
				CLANG_ENABLE_OBJC_WEAK = YES;
				CLANG_WARN_BLOCK_CAPTURE_AUTORELEASING = YES;
				CLANG_WARN_BOOL_CONVERSION = YES;
				CLANG_WARN_COMMA = YES;
				CLANG_WARN_CONSTANT_CONVERSION = YES;
				CLANG_WARN_DEPRECATED_OBJC_IMPLEMENTATIONS = YES;
				CLANG_WARN_DIRECT_OBJC_ISA_USAGE = YES_ERROR;
				CLANG_WARN_DOCUMENTATION_COMMENTS = YES;
				CLANG_WARN_EMPTY_BODY = YES;
				CLANG_WARN_ENUM_CONVERSION = YES;
				CLANG_WARN_INFINITE_RECURSION = YES;
				CLANG_WARN_INT_CONVERSION = YES;
				CLANG_WARN_NON_LITERAL_NULL_CONVERSION = YES;
				CLANG_WARN_OBJC_IMPLICIT_RETAIN_SELF = YES;
				CLANG_WARN_OBJC_LITERAL_CONVERSION = YES;
				CLANG_WARN_OBJC_ROOT_CLASS = YES_ERROR;
				CLANG_WARN_RANGE_LOOP_ANALYSIS = YES;
				CLANG_WARN_STRICT_PROTOTYPES = YES;
				CLANG_WARN_SUSPICIOUS_MOVE = YES;
				CLANG_WARN_UNGUARDED_AVAILABILITY = YES_AGGRESSIVE;
				CLANG_WARN_UNREACHABLE_CODE = YES;
				CLANG_WARN__DUPLICATE_METHOD_MATCH = YES;
				CODE_SIGN_IDENTITY = "iPhone Developer";
				COPY_PHASE_STRIP = NO;
				DEBUG_INFORMATION_FORMAT = "dwarf-with-dsym";
				ENABLE_NS_ASSERTIONS = NO;
				ENABLE_STRICT_OBJC_MSGSEND = YES;
				GCC_C_LANGUAGE_STANDARD = gnu11;
				GCC_NO_COMMON_BLOCKS = YES;
				GCC_WARN_64_TO_32_BIT_CONVERSION = YES;
				GCC_WARN_ABOUT_RETURN_TYPE = YES_ERROR;
				GCC_WARN_UNDECLARED_SELECTOR = YES;
				GCC_WARN_UNINITIALIZED_AUTOS = YES_AGGRESSIVE;
				GCC_WARN_UNUSED_FUNCTION = YES;
				GCC_WARN_UNUSED_VARIABLE = YES;
				IPHONEOS_DEPLOYMENT_TARGET = 11.4;
				MTL_ENABLE_DEBUG_INFO = NO;
				SDKROOT = iphoneos;
				SWIFT_COMPILATION_MODE = wholemodule;
				SWIFT_OPTIMIZATION_LEVEL = "-O";
				VALIDATE_PRODUCT = YES;
			};
			name = Release;
		};
		3368DD4B20E32DA900FE05D8 /* Debug */ = {
			isa = XCBuildConfiguration;
			baseConfigurationReference = 570F95C9FA02C8203794FFB3 /* Pods-TaskApp.debug.xcconfig */;
			buildSettings = {
				ASSETCATALOG_COMPILER_APPICON_NAME = AppIcon;
				CODE_SIGN_ENTITLEMENTS = TaskApp/TaskApp.entitlements;
				CODE_SIGN_STYLE = Automatic;
				DEVELOPMENT_TEAM = 826UFXVDY8;
				INFOPLIST_FILE = TaskApp/Info.plist;
				LD_RUNPATH_SEARCH_PATHS = (
					"$(inherited)",
					"@executable_path/Frameworks",
				);
				PRODUCT_BUNDLE_IDENTIFIER = yosuke.TaskApp;
				PRODUCT_NAME = "$(TARGET_NAME)";
				SWIFT_VERSION = 4.0;
				TARGETED_DEVICE_FAMILY = "1,2";
			};
			name = Debug;
		};
		3368DD4C20E32DA900FE05D8 /* Release */ = {
			isa = XCBuildConfiguration;
			baseConfigurationReference = 99BB230BEBD0F9B2856750EF /* Pods-TaskApp.release.xcconfig */;
			buildSettings = {
				ASSETCATALOG_COMPILER_APPICON_NAME = AppIcon;
				CODE_SIGN_ENTITLEMENTS = TaskApp/TaskApp.entitlements;
				CODE_SIGN_STYLE = Automatic;
				DEVELOPMENT_TEAM = 826UFXVDY8;
				INFOPLIST_FILE = TaskApp/Info.plist;
				LD_RUNPATH_SEARCH_PATHS = (
					"$(inherited)",
					"@executable_path/Frameworks",
				);
				PRODUCT_BUNDLE_IDENTIFIER = yosuke.TaskApp;
				PRODUCT_NAME = "$(TARGET_NAME)";
				SWIFT_VERSION = 4.0;
				TARGETED_DEVICE_FAMILY = "1,2";
			};
			name = Release;
		};
		3368DD4E20E32DA900FE05D8 /* Debug */ = {
			isa = XCBuildConfiguration;
			baseConfigurationReference = 2BFC4738E7FB1961BE9346E5 /* Pods-TaskAppTests.debug.xcconfig */;
			buildSettings = {
				ALWAYS_EMBED_SWIFT_STANDARD_LIBRARIES = YES;
				BUNDLE_LOADER = "$(TEST_HOST)";
				CODE_SIGN_STYLE = Automatic;
				INFOPLIST_FILE = TaskAppTests/Info.plist;
				LD_RUNPATH_SEARCH_PATHS = (
					"$(inherited)",
					"@executable_path/Frameworks",
					"@loader_path/Frameworks",
				);
				PRODUCT_BUNDLE_IDENTIFIER = yosuke.TaskAppTests;
				PRODUCT_NAME = "$(TARGET_NAME)";
				SWIFT_VERSION = 4.0;
				TARGETED_DEVICE_FAMILY = "1,2";
				TEST_HOST = "$(BUILT_PRODUCTS_DIR)/TaskApp.app/TaskApp";
			};
			name = Debug;
		};
		3368DD4F20E32DA900FE05D8 /* Release */ = {
			isa = XCBuildConfiguration;
			baseConfigurationReference = C952CFAD853F76FCB67DC821 /* Pods-TaskAppTests.release.xcconfig */;
			buildSettings = {
				ALWAYS_EMBED_SWIFT_STANDARD_LIBRARIES = YES;
				BUNDLE_LOADER = "$(TEST_HOST)";
				CODE_SIGN_STYLE = Automatic;
				INFOPLIST_FILE = TaskAppTests/Info.plist;
				LD_RUNPATH_SEARCH_PATHS = (
					"$(inherited)",
					"@executable_path/Frameworks",
					"@loader_path/Frameworks",
				);
				PRODUCT_BUNDLE_IDENTIFIER = yosuke.TaskAppTests;
				PRODUCT_NAME = "$(TARGET_NAME)";
				SWIFT_VERSION = 4.0;
				TARGETED_DEVICE_FAMILY = "1,2";
				TEST_HOST = "$(BUILT_PRODUCTS_DIR)/TaskApp.app/TaskApp";
			};
			name = Release;
		};
		3368DD5120E32DA900FE05D8 /* Debug */ = {
			isa = XCBuildConfiguration;
			baseConfigurationReference = 3D0F16C6B9AA7BA173944186 /* Pods-TaskAppUITests.debug.xcconfig */;
			buildSettings = {
				ALWAYS_EMBED_SWIFT_STANDARD_LIBRARIES = YES;
				CODE_SIGN_STYLE = Automatic;
				INFOPLIST_FILE = TaskAppUITests/Info.plist;
				LD_RUNPATH_SEARCH_PATHS = (
					"$(inherited)",
					"@executable_path/Frameworks",
					"@loader_path/Frameworks",
				);
				PRODUCT_BUNDLE_IDENTIFIER = yosuke.TaskAppUITests;
				PRODUCT_NAME = "$(TARGET_NAME)";
				SWIFT_VERSION = 4.0;
				TARGETED_DEVICE_FAMILY = "1,2";
				TEST_TARGET_NAME = TaskApp;
			};
			name = Debug;
		};
		3368DD5220E32DA900FE05D8 /* Release */ = {
			isa = XCBuildConfiguration;
			baseConfigurationReference = D7D8DBA32C7F7C7661DDFD0A /* Pods-TaskAppUITests.release.xcconfig */;
			buildSettings = {
				ALWAYS_EMBED_SWIFT_STANDARD_LIBRARIES = YES;
				CODE_SIGN_STYLE = Automatic;
				INFOPLIST_FILE = TaskAppUITests/Info.plist;
				LD_RUNPATH_SEARCH_PATHS = (
					"$(inherited)",
					"@executable_path/Frameworks",
					"@loader_path/Frameworks",
				);
				PRODUCT_BUNDLE_IDENTIFIER = yosuke.TaskAppUITests;
				PRODUCT_NAME = "$(TARGET_NAME)";
				SWIFT_VERSION = 4.0;
				TARGETED_DEVICE_FAMILY = "1,2";
				TEST_TARGET_NAME = TaskApp;
			};
			name = Release;
		};
/* End XCBuildConfiguration section */

/* Begin XCConfigurationList section */
		3368DD1D20E32DA700FE05D8 /* Build configuration list for PBXProject "TaskApp" */ = {
			isa = XCConfigurationList;
			buildConfigurations = (
				3368DD4820E32DA900FE05D8 /* Debug */,
				3368DD4920E32DA900FE05D8 /* Release */,
			);
			defaultConfigurationIsVisible = 0;
			defaultConfigurationName = Release;
		};
		3368DD4A20E32DA900FE05D8 /* Build configuration list for PBXNativeTarget "TaskApp" */ = {
			isa = XCConfigurationList;
			buildConfigurations = (
				3368DD4B20E32DA900FE05D8 /* Debug */,
				3368DD4C20E32DA900FE05D8 /* Release */,
			);
			defaultConfigurationIsVisible = 0;
			defaultConfigurationName = Release;
		};
		3368DD4D20E32DA900FE05D8 /* Build configuration list for PBXNativeTarget "TaskAppTests" */ = {
			isa = XCConfigurationList;
			buildConfigurations = (
				3368DD4E20E32DA900FE05D8 /* Debug */,
				3368DD4F20E32DA900FE05D8 /* Release */,
			);
			defaultConfigurationIsVisible = 0;
			defaultConfigurationName = Release;
		};
		3368DD5020E32DA900FE05D8 /* Build configuration list for PBXNativeTarget "TaskAppUITests" */ = {
			isa = XCConfigurationList;
			buildConfigurations = (
				3368DD5120E32DA900FE05D8 /* Debug */,
				3368DD5220E32DA900FE05D8 /* Release */,
			);
			defaultConfigurationIsVisible = 0;
			defaultConfigurationName = Release;
		};
/* End XCConfigurationList section */
	};
	rootObject = 3368DD1A20E32DA700FE05D8 /* Project object */;
}
